{
    "_meta": {
        "hash": {
            "sha256": "7d176480bc423f29e6a4e44451d729889cfb704c277d2bd6dbc8d2f7febbc711"
        },
        "pipfile-spec": 6,
        "requires": {
            "python_version": "3.8"
        },
        "sources": [
            {
                "name": "pypi",
                "url": "https://pypi.org/simple",
                "verify_ssl": true
            }
        ]
    },
    "default": {
        "attrs": {
            "hashes": [
                "sha256:2d27e3784d7a565d36ab851fe94887c5eccd6a463168875832a1be79c82828b4",
                "sha256:626ba8234211db98e869df76230a137c4c40a12d72445c45d5f5b716f076e2fd"
            ],
            "markers": "python_version >= '2.7' and python_version not in '3.0, 3.1, 3.2, 3.3, 3.4'",
            "version": "==21.4.0"
        },
        "aws-cdk-lib": {
            "hashes": [
                "sha256:2e38174d0f9f9ae6a44abe63bf85d21741145832c841ea8da602992ab81945cd",
                "sha256:bf60b904725b03f02d36ef25c4d9f726757cd721a10194f95e4bc574dba466d3"
            ],
            "index": "pypi",
            "version": "==2.9.0"
        },
        "cattrs": {
            "hashes": [
                "sha256:211800f725cdecedcbcf4c753bbd22d248312b37d130f06045434acb7d9b34e1",
                "sha256:35dd9063244263e63bd0bd24ea61e3015b00272cead084b2c40d788b0f857c46"
            ],
            "markers": "python_version >= '3.7'",
            "version": "==1.10.0"
        },
        "constructs": {
            "hashes": [
                "sha256:989c4efd9b4fa69b1c198f7ad23113e104f5b1ee09532e4bc523390e83c5e671",
                "sha256:a6c4ffe4af290a6617e491acaa8e417be2f918adc828dc3c7e1181966e64b9b6"
            ],
            "index": "pypi",
            "version": "==10.0.61"
        },
        "jsii": {
            "hashes": [
                "sha256:59f0a3dc2648b09836519cedbcb216f75c930afa46296eaf342caa136b731b99",
                "sha256:8354e5551272f3d3260b4e438ded0a96ebe06b49643edeb03fa1d9158ba8d91f"
            ],
            "markers": "python_version ~= '3.6'",
            "version": "==1.53.0"
        },
        "publication": {
            "hashes": [
                "sha256:0248885351febc11d8a1098d5c8e3ab2dabcf3e8c0c96db1e17ecd12b53afbe6",
                "sha256:68416a0de76dddcdd2930d1c8ef853a743cc96c82416c4e4d3b5d901c6276dc4"
            ],
            "version": "==0.0.3"
        },
        "python-dateutil": {
            "hashes": [
                "sha256:0123cacc1627ae19ddf3c27a5de5bd67ee4586fbdd6440d9748f8abb483d3e86",
                "sha256:961d03dc3453ebbc59dbdea9e4e11c5651520a876d0f4db161e8674aae935da9"
            ],
            "markers": "python_version >= '2.7' and python_version not in '3.0, 3.1, 3.2'",
            "version": "==2.8.2"
        },
        "six": {
            "hashes": [
                "sha256:1e61c37477a1626458e36f7b1d82aa5c9b094fa4802892072e49de9c60c4c926",
                "sha256:8abb2f1d86890a2dfb989f9a77cfcfd3e47c2a354b01111771326f8aa26e0254"
            ],
            "markers": "python_version >= '2.7' and python_version not in '3.0, 3.1, 3.2'",
            "version": "==1.16.0"
        },
        "typing-extensions": {
            "hashes": [
                "sha256:ba97c5143e5bb067b57793c726dd857b1671d4b02ced273ca0538e71ff009095",
                "sha256:c13180fbaa7cd97065a4915ceba012bdb31dc34743e63ddee16360161d358414"
            ],
            "markers": "python_version >= '3.6'",
            "version": "==4.1.0"
        }
    },
    "develop": {}
}
